
Microsoft Visual Studio Solution File, Format Version 12.00
# Visual Studio Version 17
VisualStudioVersion = 17.8.34322.80
MinimumVisualStudioVersion = 10.0.40219.1
Project("{9A19103F-16F7-4668-BE54-9A1E7A4F7556}") = "StokTakipSistemi", "StokTakipSistemi\StokTakipSistemi.csproj", "{89B5C0AF-9480-4A5D-B017-ED4AE9C5509D}"
EndProject
Project("{54435603-DBB4-11D2-8724-00A0C9A8B90C}") = "Setup", "Setup\Setup.vdproj", "{B61064CB-1388-4BDA-AFC7-BC56DF22BD97}"
EndProject
Global
	GlobalSection(SolutionConfigurationPlatforms) = preSolution
		Debug|Any CPU = Debug|Any CPU
		Release|Any CPU = Release|Any CPU
	EndGlobalSection
	GlobalSection(ProjectConfigurationPlatforms) = postSolution
		{89B5C0AF-9480-4A5D-B017-ED4AE9C5509D}.Debug|Any CPU.ActiveCfg = Debug|Any CPU
		{89B5C0AF-9480-4A5D-B017-ED4AE9C5509D}.Debug|Any CPU.Build.0 = Debug|Any CPU
		{89B5C0AF-9480-4A5D-B017-ED4AE9C5509D}.Release|Any CPU.ActiveCfg = Release|Any CPU
		{89B5C0AF-9480-4A5D-B017-ED4AE9C5509D}.Release|Any CPU.Build.0 = Release|Any CPU
		{B61064CB-1388-4BDA-AFC7-BC56DF22BD97}.Debug|Any CPU.ActiveCfg = Debug
		{B61064CB-1388-4BDA-AFC7-BC56DF22BD97}.Debug|Any CPU.Build.0 = Debug
		{B61064CB-1388-4BDA-AFC7-BC56DF22BD97}.Release|Any CPU.ActiveCfg = Release
	EndGlobalSection
	GlobalSection(SolutionProperties) = preSolution
		HideSolutionNode = FALSE
	EndGlobalSection
	GlobalSection(ExtensibilityGlobals) = postSolution
		SolutionGuid = {BD328932-BD47-4A2B-9780-7B6D7ACF2E02}
	EndGlobalSection
EndGlobal
